schema: '2.0'
stages:
  preprocess:
    cmd: python src/features.py --infile data/raw/creditcard.csv --outdir 
      data/processed --target Class --stats-out artifacts/data_validation.json
    deps:
    - path: data/raw/creditcard.csv
      hash: md5
      md5: e90efcb83d69faf99fcab8b0255024de
      size: 150828752
    - path: src/features.py
      hash: md5
      md5: faef1024161932767b33abcfe00244be
      size: 3091
    outs:
    - path: artifacts/data_validation.json
      hash: md5
      md5: 69773335795432da7762f795d0b54bd2
      size: 854
    - path: data/processed/test.csv
      hash: md5
      md5: 6827e84df2db323bb610e98e4c464250
      size: 31415481
    - path: data/processed/train.csv
      hash: md5
      md5: 53916fb13745c3cbd28c32b2745264f8
      size: 94244583
    - path: data/processed/val.csv
      hash: md5
      md5: 069afaecee27c647fb8716d944a4c4a2
      size: 31416764
  train:
    cmd: python src/train.py --train data/processed/train.csv --val 
      data/processed/val.csv --test data/processed/test.csv --target Class 
      --model-out models/best_fraud_model.pkl --metrics-out 
      artifacts/metrics.json --model-info-out artifacts/model_info.json
    deps:
    - path: data/processed/test.csv
      hash: md5
      md5: 6827e84df2db323bb610e98e4c464250
      size: 31415481
    - path: data/processed/train.csv
      hash: md5
      md5: 53916fb13745c3cbd28c32b2745264f8
      size: 94244583
    - path: data/processed/val.csv
      hash: md5
      md5: 069afaecee27c647fb8716d944a4c4a2
      size: 31416764
    - path: src/train.py
      hash: md5
      md5: 837a6ee30fa49bb933a7ecfc273b59ab
      size: 10876
    outs:
    - path: artifacts/metrics.json
      hash: md5
      md5: 8516e22206d05d45dfad372507eba19e
      size: 1290
    - path: artifacts/model_info.json
      hash: md5
      md5: 38132a2ac7d0970d1896a1d48457f006
      size: 730
    - path: models/best_fraud_model.pkl
      hash: md5
      md5: ddb8fbdde23da5cb12405219310eccf1
      size: 391631
  validate:
    cmd: python src/validate.py --metrics artifacts/metrics.json
    deps:
    - path: artifacts/metrics.json
      hash: md5
      md5: 8516e22206d05d45dfad372507eba19e
      size: 1290
    - path: src/validate.py
      hash: md5
      md5: 3cd2998500f32f7a983199ccdfba51d0
      size: 1468
